
Microsoft Visual Studio Solution File, Format Version 12.00
# Visual Studio 15
Project("{FAE04EC0-301F-11D3-BF4B-00C04F79EFBC}") = "Assembly-CSharp", "Assembly-CSharp.csproj", "{C33C10AE-0B02-5DD2-5EF3-9D42C1B09545}"
EndProject
Global
	GlobalSection(SolutionConfigurationPlatforms) = preSolution
		Debug|Any CPU = Debug|Any CPU
		Release|Any CPU = Release|Any CPU
	EndGlobalSection
	GlobalSection(ProjectConfigurationPlatforms) = postSolution
		{C33C10AE-0B02-5DD2-5EF3-9D42C1B09545}.Debug|Any CPU.ActiveCfg = Debug|Any CPU
		{C33C10AE-0B02-5DD2-5EF3-9D42C1B09545}.Debug|Any CPU.Build.0 = Debug|Any CPU
		{C33C10AE-0B02-5DD2-5EF3-9D42C1B09545}.Release|Any CPU.ActiveCfg = Release|Any CPU
		{C33C10AE-0B02-5DD2-5EF3-9D42C1B09545}.Release|Any CPU.Build.0 = Release|Any CPU
	EndGlobalSection
	GlobalSection(SolutionProperties) = preSolution
		HideSolutionNode = FALSE
	EndGlobalSection
EndGlobal
